
Microsoft Visual Studio Solution File, Format Version 12.00
# Visual Studio Version 16
VisualStudioVersion = 16.0.31727.386
MinimumVisualStudioVersion = 10.0.40219.1
Project("{9A19103F-16F7-4668-BE54-9A1E7A4F7556}") = "Targil0", "Targil0\Targil0.csproj", "{7DE3FFB8-D7D4-45DB-880F-464F792286D4}"
EndProject
Project("{2150E333-8FDC-42A3-9474-1A3956D46DE8}") = "Solution Items", "Solution Items", "{DE674F25-F566-4F1A-8757-684FA179D411}"
	ProjectSection(SolutionItems) = preProject
		README.md = README.md
	EndProjectSection
EndProject
Project("{9A19103F-16F7-4668-BE54-9A1E7A4F7556}") = "DAL", "DAL\DAL.csproj", "{B35789EF-6A81-49C5-8F23-FCBE04B792DD}"
EndProject
Project("{9A19103F-16F7-4668-BE54-9A1E7A4F7556}") = "ConsoleUI", "ConsoleUI\ConsoleUI.csproj", "{3E7D2A42-E186-4C1B-8140-78019FCD226D}"
EndProject
Project("{FAE04EC0-301F-11D3-BF4B-00C04F79EFBC}") = "ConsoleUI_BL", "ConsoleUI_BL\ConsoleUI_BL.csproj", "{C6788767-BB0A-409F-9F93-784DBF96CD1F}"
EndProject
Project("{FAE04EC0-301F-11D3-BF4B-00C04F79EFBC}") = "BL", "BL\BL.csproj", "{73730844-C8F1-428A-9F00-B2251177AF3B}"
EndProject
Global
	GlobalSection(SolutionConfigurationPlatforms) = preSolution
		Debug|Any CPU = Debug|Any CPU
		Release|Any CPU = Release|Any CPU
	EndGlobalSection
	GlobalSection(ProjectConfigurationPlatforms) = postSolution
		{7DE3FFB8-D7D4-45DB-880F-464F792286D4}.Debug|Any CPU.ActiveCfg = Debug|Any CPU
		{7DE3FFB8-D7D4-45DB-880F-464F792286D4}.Debug|Any CPU.Build.0 = Debug|Any CPU
		{7DE3FFB8-D7D4-45DB-880F-464F792286D4}.Release|Any CPU.ActiveCfg = Release|Any CPU
		{7DE3FFB8-D7D4-45DB-880F-464F792286D4}.Release|Any CPU.Build.0 = Release|Any CPU
		{B35789EF-6A81-49C5-8F23-FCBE04B792DD}.Debug|Any CPU.ActiveCfg = Debug|Any CPU
		{B35789EF-6A81-49C5-8F23-FCBE04B792DD}.Debug|Any CPU.Build.0 = Debug|Any CPU
		{B35789EF-6A81-49C5-8F23-FCBE04B792DD}.Release|Any CPU.ActiveCfg = Release|Any CPU
		{B35789EF-6A81-49C5-8F23-FCBE04B792DD}.Release|Any CPU.Build.0 = Release|Any CPU
		{3E7D2A42-E186-4C1B-8140-78019FCD226D}.Debug|Any CPU.ActiveCfg = Debug|Any CPU
		{3E7D2A42-E186-4C1B-8140-78019FCD226D}.Debug|Any CPU.Build.0 = Debug|Any CPU
		{3E7D2A42-E186-4C1B-8140-78019FCD226D}.Release|Any CPU.ActiveCfg = Release|Any CPU
		{3E7D2A42-E186-4C1B-8140-78019FCD226D}.Release|Any CPU.Build.0 = Release|Any CPU
		{C6788767-BB0A-409F-9F93-784DBF96CD1F}.Debug|Any CPU.ActiveCfg = Debug|Any CPU
		{C6788767-BB0A-409F-9F93-784DBF96CD1F}.Debug|Any CPU.Build.0 = Debug|Any CPU
		{C6788767-BB0A-409F-9F93-784DBF96CD1F}.Release|Any CPU.ActiveCfg = Release|Any CPU
		{C6788767-BB0A-409F-9F93-784DBF96CD1F}.Release|Any CPU.Build.0 = Release|Any CPU
		{73730844-C8F1-428A-9F00-B2251177AF3B}.Debug|Any CPU.ActiveCfg = Debug|Any CPU
		{73730844-C8F1-428A-9F00-B2251177AF3B}.Debug|Any CPU.Build.0 = Debug|Any CPU
		{73730844-C8F1-428A-9F00-B2251177AF3B}.Release|Any CPU.ActiveCfg = Release|Any CPU
		{73730844-C8F1-428A-9F00-B2251177AF3B}.Release|Any CPU.Build.0 = Release|Any CPU
	EndGlobalSection
	GlobalSection(SolutionProperties) = preSolution
		HideSolutionNode = FALSE
	EndGlobalSection
	GlobalSection(ExtensibilityGlobals) = postSolution
		SolutionGuid = {E4A79A38-85A3-48D6-82FF-0728DA07C8E2}
	EndGlobalSection
EndGlobal
